// !$*UTF8*$!
{
	archiveVersion = 1;
	classes = {
	};
	objectVersion = 55;
	objects = {

/* Begin PBXBuildFile section */
		5D78D35428B0D36600F57F88 /* AppDelegate.swift in Sources */ = {isa = PBXBuildFile; fileRef = 5D78D35328B0D36600F57F88 /* AppDelegate.swift */; };
		5D78D35828B0D36600F57F88 /* Main.html in Resources */ = {isa = PBXBuildFile; fileRef = 5D78D35628B0D36600F57F88 /* Main.html */; };
		5D78D35A28B0D36600F57F88 /* Icon.png in Resources */ = {isa = PBXBuildFile; fileRef = 5D78D35928B0D36600F57F88 /* Icon.png */; };
		5D78D35C28B0D36600F57F88 /* Style.css in Resources */ = {isa = PBXBuildFile; fileRef = 5D78D35B28B0D36600F57F88 /* Style.css */; };
		5D78D35E28B0D36600F57F88 /* Script.js in Resources */ = {isa = PBXBuildFile; fileRef = 5D78D35D28B0D36600F57F88 /* Script.js */; };
		5D78D36028B0D36600F57F88 /* ViewController.swift in Sources */ = {isa = PBXBuildFile; fileRef = 5D78D35F28B0D36600F57F88 /* ViewController.swift */; };
		5D78D36328B0D36600F57F88 /* Main.storyboard in Resources */ = {isa = PBXBuildFile; fileRef = 5D78D36128B0D36600F57F88 /* Main.storyboard */; };
		5D78D36528B0D36900F57F88 /* Assets.xcassets in Resources */ = {isa = PBXBuildFile; fileRef = 5D78D36428B0D36900F57F88 /* Assets.xcassets */; };
		5D78D36D28B0D36900F57F88 /* NaughtoPlay Extension.appex in Embed App Extensions */ = {isa = PBXBuildFile; fileRef = 5D78D36C28B0D36900F57F88 /* NaughtoPlay Extension.appex */; settings = {ATTRIBUTES = (RemoveHeadersOnCopy, ); }; };
		5D78D37228B0D36900F57F88 /* SafariWebExtensionHandler.swift in Sources */ = {isa = PBXBuildFile; fileRef = 5D78D37128B0D36900F57F88 /* SafariWebExtensionHandler.swift */; };
		5D78D37528B0D36900F57F88 /* _locales in Resources */ = {isa = PBXBuildFile; fileRef = 5D78D37428B0D36900F57F88 /* _locales */; };
		5D78D37728B0D36900F57F88 /* images in Resources */ = {isa = PBXBuildFile; fileRef = 5D78D37628B0D36900F57F88 /* images */; };
		5D78D37928B0D36900F57F88 /* manifest.json in Resources */ = {isa = PBXBuildFile; fileRef = 5D78D37828B0D36900F57F88 /* manifest.json */; };
		5D78D37D28B0D36900F57F88 /* content.js in Resources */ = {isa = PBXBuildFile; fileRef = 5D78D37C28B0D36900F57F88 /* content.js */; };
		5D78D37F28B0D36900F57F88 /* popup.html in Resources */ = {isa = PBXBuildFile; fileRef = 5D78D37E28B0D36900F57F88 /* popup.html */; };
		5D78D38128B0D36900F57F88 /* popup.css in Resources */ = {isa = PBXBuildFile; fileRef = 5D78D38028B0D36900F57F88 /* popup.css */; };
		5D78D38328B0D36900F57F88 /* popup.js in Resources */ = {isa = PBXBuildFile; fileRef = 5D78D38228B0D36900F57F88 /* popup.js */; };
/* End PBXBuildFile section */

/* Begin PBXContainerItemProxy section */
		5D78D36E28B0D36900F57F88 /* PBXContainerItemProxy */ = {
			isa = PBXContainerItemProxy;
			containerPortal = 5D78D34828B0D36600F57F88 /* Project object */;
			proxyType = 1;
			remoteGlobalIDString = 5D78D36B28B0D36900F57F88;
			remoteInfo = "NaughtoPlay Extension";
		};
/* End PBXContainerItemProxy section */

/* Begin PBXCopyFilesBuildPhase section */
		5D78D38B28B0D36900F57F88 /* Embed App Extensions */ = {
			isa = PBXCopyFilesBuildPhase;
			buildActionMask = 2147483647;
			dstPath = "";
			dstSubfolderSpec = 13;
			files = (
				5D78D36D28B0D36900F57F88 /* NaughtoPlay Extension.appex in Embed App Extensions */,
			);
			name = "Embed App Extensions";
			runOnlyForDeploymentPostprocessing = 0;
		};
/* End PBXCopyFilesBuildPhase section */

/* Begin PBXFileReference section */
		5D78D35028B0D36600F57F88 /* NaughtoPlay.app */ = {isa = PBXFileReference; explicitFileType = wrapper.application; includeInIndex = 0; path = NaughtoPlay.app; sourceTree = BUILT_PRODUCTS_DIR; };
		5D78D35328B0D36600F57F88 /* AppDelegate.swift */ = {isa = PBXFileReference; lastKnownFileType = sourcecode.swift; path = AppDelegate.swift; sourceTree = "<group>"; };
		5D78D35728B0D36600F57F88 /* Base */ = {isa = PBXFileReference; lastKnownFileType = text.html; name = Base; path = ../Base.lproj/Main.html; sourceTree = "<group>"; };
		5D78D35928B0D36600F57F88 /* Icon.png */ = {isa = PBXFileReference; lastKnownFileType = image.png; path = Icon.png; sourceTree = "<group>"; };
		5D78D35B28B0D36600F57F88 /* Style.css */ = {isa = PBXFileReference; lastKnownFileType = text.css; path = Style.css; sourceTree = "<group>"; };
		5D78D35D28B0D36600F57F88 /* Script.js */ = {isa = PBXFileReference; lastKnownFileType = sourcecode.javascript; path = Script.js; sourceTree = "<group>"; };
		5D78D35F28B0D36600F57F88 /* ViewController.swift */ = {isa = PBXFileReference; lastKnownFileType = sourcecode.swift; path = ViewController.swift; sourceTree = "<group>"; };
		5D78D36228B0D36600F57F88 /* Base */ = {isa = PBXFileReference; lastKnownFileType = file.storyboard; name = Base; path = Base.lproj/Main.storyboard; sourceTree = "<group>"; };
		5D78D36428B0D36900F57F88 /* Assets.xcassets */ = {isa = PBXFileReference; lastKnownFileType = folder.assetcatalog; path = Assets.xcassets; sourceTree = "<group>"; };
		5D78D36628B0D36900F57F88 /* NaughtoPlay.entitlements */ = {isa = PBXFileReference; lastKnownFileType = text.plist.entitlements; path = NaughtoPlay.entitlements; sourceTree = "<group>"; };
		5D78D36728B0D36900F57F88 /* NaughtoPlay.entitlements */ = {isa = PBXFileReference; lastKnownFileType = text.plist.entitlements; path = NaughtoPlay.entitlements; sourceTree = "<group>"; };
		5D78D36C28B0D36900F57F88 /* NaughtoPlay Extension.appex */ = {isa = PBXFileReference; explicitFileType = "wrapper.app-extension"; includeInIndex = 0; path = "NaughtoPlay Extension.appex"; sourceTree = BUILT_PRODUCTS_DIR; };
		5D78D37128B0D36900F57F88 /* SafariWebExtensionHandler.swift */ = {isa = PBXFileReference; lastKnownFileType = sourcecode.swift; path = SafariWebExtensionHandler.swift; sourceTree = "<group>"; };
		5D78D37428B0D36900F57F88 /* _locales */ = {isa = PBXFileReference; lastKnownFileType = folder; path = _locales; sourceTree = "<group>"; };
		5D78D37628B0D36900F57F88 /* images */ = {isa = PBXFileReference; lastKnownFileType = folder; path = images; sourceTree = "<group>"; };
		5D78D37828B0D36900F57F88 /* manifest.json */ = {isa = PBXFileReference; lastKnownFileType = text.json; path = manifest.json; sourceTree = "<group>"; };
		5D78D37C28B0D36900F57F88 /* content.js */ = {isa = PBXFileReference; lastKnownFileType = sourcecode.javascript; path = content.js; sourceTree = "<group>"; };
		5D78D37E28B0D36900F57F88 /* popup.html */ = {isa = PBXFileReference; lastKnownFileType = text.html; path = popup.html; sourceTree = "<group>"; };
		5D78D38028B0D36900F57F88 /* popup.css */ = {isa = PBXFileReference; lastKnownFileType = text.css; path = popup.css; sourceTree = "<group>"; };
		5D78D38228B0D36900F57F88 /* popup.js */ = {isa = PBXFileReference; lastKnownFileType = sourcecode.javascript; path = popup.js; sourceTree = "<group>"; };
		5D78D38428B0D36900F57F88 /* Info.plist */ = {isa = PBXFileReference; lastKnownFileType = text.plist.xml; path = Info.plist; sourceTree = "<group>"; };
		5D78D38528B0D36900F57F88 /* NaughtoPlay_Extension.entitlements */ = {isa = PBXFileReference; lastKnownFileType = text.plist.entitlements; path = NaughtoPlay_Extension.entitlements; sourceTree = "<group>"; };
/* End PBXFileReference section */

/* Begin PBXFrameworksBuildPhase section */
		5D78D34D28B0D36600F57F88 /* Frameworks */ = {
			isa = PBXFrameworksBuildPhase;
			buildActionMask = 2147483647;
			files = (
			);
			runOnlyForDeploymentPostprocessing = 0;
		};
		5D78D36928B0D36900F57F88 /* Frameworks */ = {
			isa = PBXFrameworksBuildPhase;
			buildActionMask = 2147483647;
			files = (
			);
			runOnlyForDeploymentPostprocessing = 0;
		};
/* End PBXFrameworksBuildPhase section */

/* Begin PBXGroup section */
		5D78D34728B0D36600F57F88 = {
			isa = PBXGroup;
			children = (
				5D78D35228B0D36600F57F88 /* NaughtoPlay */,
				5D78D37028B0D36900F57F88 /* NaughtoPlay Extension */,
				5D78D35128B0D36600F57F88 /* Products */,
			);
			sourceTree = "<group>";
		};
		5D78D35128B0D36600F57F88 /* Products */ = {
			isa = PBXGroup;
			children = (
				5D78D35028B0D36600F57F88 /* NaughtoPlay.app */,
				5D78D36C28B0D36900F57F88 /* NaughtoPlay Extension.appex */,
			);
			name = Products;
			sourceTree = "<group>";
		};
		5D78D35228B0D36600F57F88 /* NaughtoPlay */ = {
			isa = PBXGroup;
			children = (
				5D78D35328B0D36600F57F88 /* AppDelegate.swift */,
				5D78D35F28B0D36600F57F88 /* ViewController.swift */,
				5D78D36128B0D36600F57F88 /* Main.storyboard */,
				5D78D36428B0D36900F57F88 /* Assets.xcassets */,
				5D78D36628B0D36900F57F88 /* NaughtoPlay.entitlements */,
				5D78D36728B0D36900F57F88 /* NaughtoPlay.entitlements */,
				5D78D35528B0D36600F57F88 /* Resources */,
			);
			path = NaughtoPlay;
			sourceTree = "<group>";
		};
		5D78D35528B0D36600F57F88 /* Resources */ = {
			isa = PBXGroup;
			children = (
				5D78D35628B0D36600F57F88 /* Main.html */,
				5D78D35928B0D36600F57F88 /* Icon.png */,
				5D78D35B28B0D36600F57F88 /* Style.css */,
				5D78D35D28B0D36600F57F88 /* Script.js */,
			);
			path = Resources;
			sourceTree = "<group>";
		};
		5D78D37028B0D36900F57F88 /* NaughtoPlay Extension */ = {
			isa = PBXGroup;
			children = (
				5D78D37128B0D36900F57F88 /* SafariWebExtensionHandler.swift */,
				5D78D38428B0D36900F57F88 /* Info.plist */,
				5D78D38528B0D36900F57F88 /* NaughtoPlay_Extension.entitlements */,
				5D78D37328B0D36900F57F88 /* Resources */,
			);
			path = "NaughtoPlay Extension";
			sourceTree = "<group>";
		};
		5D78D37328B0D36900F57F88 /* Resources */ = {
			isa = PBXGroup;
			children = (
				5D78D37428B0D36900F57F88 /* _locales */,
				5D78D37628B0D36900F57F88 /* images */,
				5D78D37828B0D36900F57F88 /* manifest.json */,
				5D78D37C28B0D36900F57F88 /* content.js */,
				5D78D37E28B0D36900F57F88 /* popup.html */,
				5D78D38028B0D36900F57F88 /* popup.css */,
				5D78D38228B0D36900F57F88 /* popup.js */,
			);
			path = Resources;
			sourceTree = "<group>";
		};
/* End PBXGroup section */

/* Begin PBXNativeTarget section */
		5D78D34F28B0D36600F57F88 /* NaughtoPlay */ = {
			isa = PBXNativeTarget;
			buildConfigurationList = 5D78D38C28B0D36900F57F88 /* Build configuration list for PBXNativeTarget "NaughtoPlay" */;
			buildPhases = (
				5D78D34C28B0D36600F57F88 /* Sources */,
				5D78D34D28B0D36600F57F88 /* Frameworks */,
				5D78D34E28B0D36600F57F88 /* Resources */,
				5D78D38B28B0D36900F57F88 /* Embed App Extensions */,
			);
			buildRules = (
			);
			dependencies = (
				5D78D36F28B0D36900F57F88 /* PBXTargetDependency */,
			);
			name = NaughtoPlay;
			productName = NaughtoPlay;
			productReference = 5D78D35028B0D36600F57F88 /* NaughtoPlay.app */;
			productType = "com.apple.product-type.application";
		};
		5D78D36B28B0D36900F57F88 /* NaughtoPlay Extension */ = {
			isa = PBXNativeTarget;
			buildConfigurationList = 5D78D38828B0D36900F57F88 /* Build configuration list for PBXNativeTarget "NaughtoPlay Extension" */;
			buildPhases = (
				5D78D36828B0D36900F57F88 /* Sources */,
				5D78D36928B0D36900F57F88 /* Frameworks */,
				5D78D36A28B0D36900F57F88 /* Resources */,
			);
			buildRules = (
			);
			dependencies = (
			);
			name = "NaughtoPlay Extension";
			productName = "NaughtoPlay Extension";
			productReference = 5D78D36C28B0D36900F57F88 /* NaughtoPlay Extension.appex */;
			productType = "com.apple.product-type.app-extension";
		};
/* End PBXNativeTarget section */

/* Begin PBXProject section */
		5D78D34828B0D36600F57F88 /* Project object */ = {
			isa = PBXProject;
			attributes = {
				BuildIndependentTargetsInParallel = 1;
				LastSwiftUpdateCheck = 1340;
				LastUpgradeCheck = 1340;
				TargetAttributes = {
					5D78D34F28B0D36600F57F88 = {
						CreatedOnToolsVersion = 13.4.1;
					};
					5D78D36B28B0D36900F57F88 = {
						CreatedOnToolsVersion = 13.4.1;
					};
				};
			};
			buildConfigurationList = 5D78D34B28B0D36600F57F88 /* Build configuration list for PBXProject "NaughtoPlay" */;
			compatibilityVersion = "Xcode 13.0";
			developmentRegion = en;
			hasScannedForEncodings = 0;
			knownRegions = (
				en,
				Base,
			);
			mainGroup = 5D78D34728B0D36600F57F88;
			productRefGroup = 5D78D35128B0D36600F57F88 /* Products */;
			projectDirPath = "";
			projectRoot = "";
			targets = (
				5D78D34F28B0D36600F57F88 /* NaughtoPlay */,
				5D78D36B28B0D36900F57F88 /* NaughtoPlay Extension */,
			);
		};
/* End PBXProject section */

/* Begin PBXResourcesBuildPhase section */
		5D78D34E28B0D36600F57F88 /* Resources */ = {
			isa = PBXResourcesBuildPhase;
			buildActionMask = 2147483647;
			files = (
				5D78D35A28B0D36600F57F88 /* Icon.png in Resources */,
				5D78D36328B0D36600F57F88 /* Main.storyboard in Resources */,
				5D78D35E28B0D36600F57F88 /* Script.js in Resources */,
				5D78D35828B0D36600F57F88 /* Main.html in Resources */,
				5D78D36528B0D36900F57F88 /* Assets.xcassets in Resources */,
				5D78D35C28B0D36600F57F88 /* Style.css in Resources */,
			);
			runOnlyForDeploymentPostprocessing = 0;
		};
		5D78D36A28B0D36900F57F88 /* Resources */ = {
			isa = PBXResourcesBuildPhase;
			buildActionMask = 2147483647;
			files = (
				5D78D38128B0D36900F57F88 /* popup.css in Resources */,
				5D78D37F28B0D36900F57F88 /* popup.html in Resources */,
				5D78D37728B0D36900F57F88 /* images in Resources */,
				5D78D37928B0D36900F57F88 /* manifest.json in Resources */,
				5D78D37528B0D36900F57F88 /* _locales in Resources */,
				5D78D37D28B0D36900F57F88 /* content.js in Resources */,
				5D78D38328B0D36900F57F88 /* popup.js in Resources */,
			);
			runOnlyForDeploymentPostprocessing = 0;
		};
/* End PBXResourcesBuildPhase section */

/* Begin PBXSourcesBuildPhase section */
		5D78D34C28B0D36600F57F88 /* Sources */ = {
			isa = PBXSourcesBuildPhase;
			buildActionMask = 2147483647;
			files = (
				5D78D36028B0D36600F57F88 /* ViewController.swift in Sources */,
				5D78D35428B0D36600F57F88 /* AppDelegate.swift in Sources */,
			);
			runOnlyForDeploymentPostprocessing = 0;
		};
		5D78D36828B0D36900F57F88 /* Sources */ = {
			isa = PBXSourcesBuildPhase;
			buildActionMask = 2147483647;
			files = (
				5D78D37228B0D36900F57F88 /* SafariWebExtensionHandler.swift in Sources */,
			);
			runOnlyForDeploymentPostprocessing = 0;
		};
/* End PBXSourcesBuildPhase section */

/* Begin PBXTargetDependency section */
		5D78D36F28B0D36900F57F88 /* PBXTargetDependency */ = {
			isa = PBXTargetDependency;
			target = 5D78D36B28B0D36900F57F88 /* NaughtoPlay Extension */;
			targetProxy = 5D78D36E28B0D36900F57F88 /* PBXContainerItemProxy */;
		};
/* End PBXTargetDependency section */

/* Begin PBXVariantGroup section */
		5D78D35628B0D36600F57F88 /* Main.html */ = {
			isa = PBXVariantGroup;
			children = (
				5D78D35728B0D36600F57F88 /* Base */,
			);
			name = Main.html;
			sourceTree = "<group>";
		};
		5D78D36128B0D36600F57F88 /* Main.storyboard */ = {
			isa = PBXVariantGroup;
			children = (
				5D78D36228B0D36600F57F88 /* Base */,
			);
			name = Main.storyboard;
			sourceTree = "<group>";
		};
/* End PBXVariantGroup section */

/* Begin XCBuildConfiguration section */
		5D78D38628B0D36900F57F88 /* Debug */ = {
			isa = XCBuildConfiguration;
			buildSettings = {
				ALWAYS_SEARCH_USER_PATHS = NO;
				CLANG_ANALYZER_NONNULL = YES;
				CLANG_ANALYZER_NUMBER_OBJECT_CONVERSION = YES_AGGRESSIVE;
				CLANG_CXX_LANGUAGE_STANDARD = "gnu++17";
				CLANG_ENABLE_MODULES = YES;
				CLANG_ENABLE_OBJC_ARC = YES;
				CLANG_ENABLE_OBJC_WEAK = YES;
				CLANG_WARN_BLOCK_CAPTURE_AUTORELEASING = YES;
				CLANG_WARN_BOOL_CONVERSION = YES;
				CLANG_WARN_COMMA = YES;
				CLANG_WARN_CONSTANT_CONVERSION = YES;
				CLANG_WARN_DEPRECATED_OBJC_IMPLEMENTATIONS = YES;
				CLANG_WARN_DIRECT_OBJC_ISA_USAGE = YES_ERROR;
				CLANG_WARN_DOCUMENTATION_COMMENTS = YES;
				CLANG_WARN_EMPTY_BODY = YES;
				CLANG_WARN_ENUM_CONVERSION = YES;
				CLANG_WARN_INFINITE_RECURSION = YES;
				CLANG_WARN_INT_CONVERSION = YES;
				CLANG_WARN_NON_LITERAL_NULL_CONVERSION = YES;
				CLANG_WARN_OBJC_IMPLICIT_RETAIN_SELF = YES;
				CLANG_WARN_OBJC_LITERAL_CONVERSION = YES;
				CLANG_WARN_OBJC_ROOT_CLASS = YES_ERROR;
				CLANG_WARN_QUOTED_INCLUDE_IN_FRAMEWORK_HEADER = YES;
				CLANG_WARN_RANGE_LOOP_ANALYSIS = YES;
				CLANG_WARN_STRICT_PROTOTYPES = YES;
				CLANG_WARN_SUSPICIOUS_MOVE = YES;
				CLANG_WARN_UNGUARDED_AVAILABILITY = YES_AGGRESSIVE;
				CLANG_WARN_UNREACHABLE_CODE = YES;
				CLANG_WARN__DUPLICATE_METHOD_MATCH = YES;
				COPY_PHASE_STRIP = NO;
				DEBUG_INFORMATION_FORMAT = dwarf;
				ENABLE_STRICT_OBJC_MSGSEND = YES;
				ENABLE_TESTABILITY = YES;
				GCC_C_LANGUAGE_STANDARD = gnu11;
				GCC_DYNAMIC_NO_PIC = NO;
				GCC_NO_COMMON_BLOCKS = YES;
				GCC_OPTIMIZATION_LEVEL = 0;
				GCC_PREPROCESSOR_DEFINITIONS = (
					"DEBUG=1",
					"$(inherited)",
				);
				GCC_WARN_64_TO_32_BIT_CONVERSION = YES;
				GCC_WARN_ABOUT_RETURN_TYPE = YES_ERROR;
				GCC_WARN_UNDECLARED_SELECTOR = YES;
				GCC_WARN_UNINITIALIZED_AUTOS = YES_AGGRESSIVE;
				GCC_WARN_UNUSED_FUNCTION = YES;
				GCC_WARN_UNUSED_VARIABLE = YES;
				MACOSX_DEPLOYMENT_TARGET = 12.3;
				MTL_ENABLE_DEBUG_INFO = INCLUDE_SOURCE;
				MTL_FAST_MATH = YES;
				ONLY_ACTIVE_ARCH = YES;
				SDKROOT = macosx;
				SWIFT_ACTIVE_COMPILATION_CONDITIONS = DEBUG;
				SWIFT_OPTIMIZATION_LEVEL = "-Onone";
			};
			name = Debug;
		};
		5D78D38728B0D36900F57F88 /* Release */ = {
			isa = XCBuildConfiguration;
			buildSettings = {
				ALWAYS_SEARCH_USER_PATHS = NO;
				CLANG_ANALYZER_NONNULL = YES;
				CLANG_ANALYZER_NUMBER_OBJECT_CONVERSION = YES_AGGRESSIVE;
				CLANG_CXX_LANGUAGE_STANDARD = "gnu++17";
				CLANG_ENABLE_MODULES = YES;
				CLANG_ENABLE_OBJC_ARC = YES;
				CLANG_ENABLE_OBJC_WEAK = YES;
				CLANG_WARN_BLOCK_CAPTURE_AUTORELEASING = YES;
				CLANG_WARN_BOOL_CONVERSION = YES;
				CLANG_WARN_COMMA = YES;
				CLANG_WARN_CONSTANT_CONVERSION = YES;
				CLANG_WARN_DEPRECATED_OBJC_IMPLEMENTATIONS = YES;
				CLANG_WARN_DIRECT_OBJC_ISA_USAGE = YES_ERROR;
				CLANG_WARN_DOCUMENTATION_COMMENTS = YES;
				CLANG_WARN_EMPTY_BODY = YES;
				CLANG_WARN_ENUM_CONVERSION = YES;
				CLANG_WARN_INFINITE_RECURSION = YES;
				CLANG_WARN_INT_CONVERSION = YES;
				CLANG_WARN_NON_LITERAL_NULL_CONVERSION = YES;
				CLANG_WARN_OBJC_IMPLICIT_RETAIN_SELF = YES;
				CLANG_WARN_OBJC_LITERAL_CONVERSION = YES;
				CLANG_WARN_OBJC_ROOT_CLASS = YES_ERROR;
				CLANG_WARN_QUOTED_INCLUDE_IN_FRAMEWORK_HEADER = YES;
				CLANG_WARN_RANGE_LOOP_ANALYSIS = YES;
				CLANG_WARN_STRICT_PROTOTYPES = YES;
				CLANG_WARN_SUSPICIOUS_MOVE = YES;
				CLANG_WARN_UNGUARDED_AVAILABILITY = YES_AGGRESSIVE;
				CLANG_WARN_UNREACHABLE_CODE = YES;
				CLANG_WARN__DUPLICATE_METHOD_MATCH = YES;
				COPY_PHASE_STRIP = NO;
				DEBUG_INFORMATION_FORMAT = "dwarf-with-dsym";
				ENABLE_NS_ASSERTIONS = NO;
				ENABLE_STRICT_OBJC_MSGSEND = YES;
				GCC_C_LANGUAGE_STANDARD = gnu11;
				GCC_NO_COMMON_BLOCKS = YES;
				GCC_WARN_64_TO_32_BIT_CONVERSION = YES;
				GCC_WARN_ABOUT_RETURN_TYPE = YES_ERROR;
				GCC_WARN_UNDECLARED_SELECTOR = YES;
				GCC_WARN_UNINITIALIZED_AUTOS = YES_AGGRESSIVE;
				GCC_WARN_UNUSED_FUNCTION = YES;
				GCC_WARN_UNUSED_VARIABLE = YES;
				MACOSX_DEPLOYMENT_TARGET = 12.3;
				MTL_ENABLE_DEBUG_INFO = NO;
				MTL_FAST_MATH = YES;
				SDKROOT = macosx;
				SWIFT_COMPILATION_MODE = wholemodule;
				SWIFT_OPTIMIZATION_LEVEL = "-O";
			};
			name = Release;
		};
		5D78D38928B0D36900F57F88 /* Debug */ = {
			isa = XCBuildConfiguration;
			buildSettings = {
				CODE_SIGN_ENTITLEMENTS = "NaughtoPlay Extension/NaughtoPlay_Extension.entitlements";
				CODE_SIGN_STYLE = Automatic;
				CURRENT_PROJECT_VERSION = 1;
				DEVELOPMENT_TEAM = CLF25W895T;
				ENABLE_HARDENED_RUNTIME = YES;
				GENERATE_INFOPLIST_FILE = YES;
				INFOPLIST_FILE = "NaughtoPlay Extension/Info.plist";
				INFOPLIST_KEY_CFBundleDisplayName = "NaughtoPlay Extension";
				INFOPLIST_KEY_NSHumanReadableCopyright = "";
				LD_RUNPATH_SEARCH_PATHS = (
					"$(inherited)",
					"@executable_path/../Frameworks",
					"@executable_path/../../../../Frameworks",
				);
				MACOSX_DEPLOYMENT_TARGET = 10.14;
				MARKETING_VERSION = 1.0;
				OTHER_LDFLAGS = (
					"-framework",
					SafariServices,
				);
				PRODUCT_BUNDLE_IDENTIFIER = uk.bowring.NaughtoPlay.Extension;
				PRODUCT_NAME = "$(TARGET_NAME)";
				SKIP_INSTALL = YES;
				SWIFT_EMIT_LOC_STRINGS = YES;
				SWIFT_VERSION = 5.0;
			};
			name = Debug;
		};
		5D78D38A28B0D36900F57F88 /* Release */ = {
			isa = XCBuildConfiguration;
			buildSettings = {
				CODE_SIGN_ENTITLEMENTS = "NaughtoPlay Extension/NaughtoPlay_Extension.entitlements";
				CODE_SIGN_STYLE = Automatic;
				CURRENT_PROJECT_VERSION = 1;
				DEVELOPMENT_TEAM = CLF25W895T;
				ENABLE_HARDENED_RUNTIME = YES;
				GENERATE_INFOPLIST_FILE = YES;
				INFOPLIST_FILE = "NaughtoPlay Extension/Info.plist";
				INFOPLIST_KEY_CFBundleDisplayName = "NaughtoPlay Extension";
				INFOPLIST_KEY_NSHumanReadableCopyright = "";
				LD_RUNPATH_SEARCH_PATHS = (
					"$(inherited)",
					"@executable_path/../Frameworks",
					"@executable_path/../../../../Frameworks",
				);
				MACOSX_DEPLOYMENT_TARGET = 10.14;
				MARKETING_VERSION = 1.0;
				OTHER_LDFLAGS = (
					"-framework",
					SafariServices,
				);
				PRODUCT_BUNDLE_IDENTIFIER = uk.bowring.NaughtoPlay.Extension;
				PRODUCT_NAME = "$(TARGET_NAME)";
				SKIP_INSTALL = YES;
				SWIFT_EMIT_LOC_STRINGS = YES;
				SWIFT_VERSION = 5.0;
			};
			name = Release;
		};
		5D78D38D28B0D36900F57F88 /* Debug */ = {
			isa = XCBuildConfiguration;
			buildSettings = {
				ALWAYS_EMBED_SWIFT_STANDARD_LIBRARIES = YES;
				ASSETCATALOG_COMPILER_APPICON_NAME = AppIcon;
				ASSETCATALOG_COMPILER_GLOBAL_ACCENT_COLOR_NAME = AccentColor;
				CODE_SIGN_ENTITLEMENTS = NaughtoPlay/NaughtoPlay.entitlements;
				CODE_SIGN_STYLE = Automatic;
				COMBINE_HIDPI_IMAGES = YES;
				CURRENT_PROJECT_VERSION = 1;
				DEVELOPMENT_TEAM = CLF25W895T;
				ENABLE_HARDENED_RUNTIME = YES;
				GENERATE_INFOPLIST_FILE = YES;
				INFOPLIST_KEY_CFBundleDisplayName = NaughtoPlay;
				INFOPLIST_KEY_NSHumanReadableCopyright = "";
				INFOPLIST_KEY_NSMainStoryboardFile = Main;
				INFOPLIST_KEY_NSPrincipalClass = NSApplication;
				LD_RUNPATH_SEARCH_PATHS = (
					"$(inherited)",
					"@executable_path/../Frameworks",
				);
				MACOSX_DEPLOYMENT_TARGET = 10.14;
				MARKETING_VERSION = 1.0;
				OTHER_LDFLAGS = (
					"-framework",
					SafariServices,
					"-framework",
					WebKit,
				);
				PRODUCT_BUNDLE_IDENTIFIER = uk.bowring.NaughtoPlay;
				PRODUCT_NAME = "$(TARGET_NAME)";
				SWIFT_EMIT_LOC_STRINGS = YES;
				SWIFT_VERSION = 5.0;
			};
			name = Debug;
		};
		5D78D38E28B0D36900F57F88 /* Release */ = {
			isa = XCBuildConfiguration;
			buildSettings = {
				ALWAYS_EMBED_SWIFT_STANDARD_LIBRARIES = YES;
				ASSETCATALOG_COMPILER_APPICON_NAME = AppIcon;
				ASSETCATALOG_COMPILER_GLOBAL_ACCENT_COLOR_NAME = AccentColor;
				CODE_SIGN_ENTITLEMENTS = NaughtoPlay/NaughtoPlay.entitlements;
				CODE_SIGN_STYLE = Automatic;
				COMBINE_HIDPI_IMAGES = YES;
				CURRENT_PROJECT_VERSION = 1;
				DEVELOPMENT_TEAM = CLF25W895T;
				ENABLE_HARDENED_RUNTIME = YES;
				GENERATE_INFOPLIST_FILE = YES;
				INFOPLIST_KEY_CFBundleDisplayName = NaughtoPlay;
				INFOPLIST_KEY_NSHumanReadableCopyright = "";
				INFOPLIST_KEY_NSMainStoryboardFile = Main;
				INFOPLIST_KEY_NSPrincipalClass = NSApplication;
				LD_RUNPATH_SEARCH_PATHS = (
					"$(inherited)",
					"@executable_path/../Frameworks",
				);
				MACOSX_DEPLOYMENT_TARGET = 10.14;
				MARKETING_VERSION = 1.0;
				OTHER_LDFLAGS = (
					"-framework",
					SafariServices,
					"-framework",
					WebKit,
				);
				PRODUCT_BUNDLE_IDENTIFIER = uk.bowring.NaughtoPlay;
				PRODUCT_NAME = "$(TARGET_NAME)";
				SWIFT_EMIT_LOC_STRINGS = YES;
				SWIFT_VERSION = 5.0;
			};
			name = Release;
		};
/* End XCBuildConfiguration section */

/* Begin XCConfigurationList section */
		5D78D34B28B0D36600F57F88 /* Build configuration list for PBXProject "NaughtoPlay" */ = {
			isa = XCConfigurationList;
			buildConfigurations = (
				5D78D38628B0D36900F57F88 /* Debug */,
				5D78D38728B0D36900F57F88 /* Release */,
			);
			defaultConfigurationIsVisible = 0;
			defaultConfigurationName = Release;
		};
		5D78D38828B0D36900F57F88 /* Build configuration list for PBXNativeTarget "NaughtoPlay Extension" */ = {
			isa = XCConfigurationList;
			buildConfigurations = (
				5D78D38928B0D36900F57F88 /* Debug */,
				5D78D38A28B0D36900F57F88 /* Release */,
			);
			defaultConfigurationIsVisible = 0;
			defaultConfigurationName = Release;
		};
		5D78D38C28B0D36900F57F88 /* Build configuration list for PBXNativeTarget "NaughtoPlay" */ = {
			isa = XCConfigurationList;
			buildConfigurations = (
				5D78D38D28B0D36900F57F88 /* Debug */,
				5D78D38E28B0D36900F57F88 /* Release */,
			);
			defaultConfigurationIsVisible = 0;
			defaultConfigurationName = Release;
		};
/* End XCConfigurationList section */
	};
	rootObject = 5D78D34828B0D36600F57F88 /* Project object */;
}
